
Microsoft Visual Studio Solution File, Format Version 12.00
# Visual Studio 15
VisualStudioVersion = 15.0.27130.2020
MinimumVisualStudioVersion = 10.0.40219.1
Project("{FAE04EC0-301F-11D3-BF4B-00C04F79EFBC}") = "WebRestApp", "WebRestApp\WebRestApp.csproj", "{0C23298A-3BF9-4619-84D8-750EB9574B61}"
EndProject
Global
	GlobalSection(SolutionConfigurationPlatforms) = preSolution
		Debug|Any CPU = Debug|Any CPU
		Release|Any CPU = Release|Any CPU
	EndGlobalSection
	GlobalSection(ProjectConfigurationPlatforms) = postSolution
		{0C23298A-3BF9-4619-84D8-750EB9574B61}.Debug|Any CPU.ActiveCfg = Debug|Any CPU
		{0C23298A-3BF9-4619-84D8-750EB9574B61}.Debug|Any CPU.Build.0 = Debug|Any CPU
		{0C23298A-3BF9-4619-84D8-750EB9574B61}.Release|Any CPU.ActiveCfg = Release|Any CPU
		{0C23298A-3BF9-4619-84D8-750EB9574B61}.Release|Any CPU.Build.0 = Release|Any CPU
	EndGlobalSection
	GlobalSection(SolutionProperties) = preSolution
		HideSolutionNode = FALSE
	EndGlobalSection
	GlobalSection(ExtensibilityGlobals) = postSolution
		SolutionGuid = {F3B9C3DF-251E-4670-87DD-70F8ADBE85EE}
	EndGlobalSection
EndGlobal
